// !$*UTF8*$!
{
	archiveVersion = 1;
	classes = {
	};
	objectVersion = 50;
	objects = {

/* Begin PBXBuildFile section */
		0758D1152436716700900F0F /* AppDelegate.swift in Sources */ = {isa = PBXBuildFile; fileRef = 0758D1142436716700900F0F /* AppDelegate.swift */; };
		0758D1172436716700900F0F /* SceneDelegate.swift in Sources */ = {isa = PBXBuildFile; fileRef = 0758D1162436716700900F0F /* SceneDelegate.swift */; };
		0758D1192436716700900F0F /* ViewController.swift in Sources */ = {isa = PBXBuildFile; fileRef = 0758D1182436716700900F0F /* ViewController.swift */; };
		0758D11C2436716700900F0F /* Main.storyboard in Resources */ = {isa = PBXBuildFile; fileRef = 0758D11A2436716700900F0F /* Main.storyboard */; };
		0758D11E2436716800900F0F /* Assets.xcassets in Resources */ = {isa = PBXBuildFile; fileRef = 0758D11D2436716800900F0F /* Assets.xcassets */; };
		0758D1212436716800900F0F /* LaunchScreen.storyboard in Resources */ = {isa = PBXBuildFile; fileRef = 0758D11F2436716800900F0F /* LaunchScreen.storyboard */; };
		0758D1292436719D00900F0F /* TestLintFile.swift in Sources */ = {isa = PBXBuildFile; fileRef = 0758D1282436719D00900F0F /* TestLintFile.swift */; };
/* End PBXBuildFile section */

/* Begin PBXFileReference section */
		0758D1112436716700900F0F /* debug-swiftlint.app */ = {isa = PBXFileReference; explicitFileType = wrapper.application; includeInIndex = 0; path = "debug-swiftlint.app"; sourceTree = BUILT_PRODUCTS_DIR; };
		0758D1142436716700900F0F /* AppDelegate.swift */ = {isa = PBXFileReference; lastKnownFileType = sourcecode.swift; path = AppDelegate.swift; sourceTree = "<group>"; };
		0758D1162436716700900F0F /* SceneDelegate.swift */ = {isa = PBXFileReference; lastKnownFileType = sourcecode.swift; path = SceneDelegate.swift; sourceTree = "<group>"; };
		0758D1182436716700900F0F /* ViewController.swift */ = {isa = PBXFileReference; lastKnownFileType = sourcecode.swift; path = ViewController.swift; sourceTree = "<group>"; };
		0758D11B2436716700900F0F /* Base */ = {isa = PBXFileReference; lastKnownFileType = file.storyboard; name = Base; path = Base.lproj/Main.storyboard; sourceTree = "<group>"; };
		0758D11D2436716800900F0F /* Assets.xcassets */ = {isa = PBXFileReference; lastKnownFileType = folder.assetcatalog; path = Assets.xcassets; sourceTree = "<group>"; };
		0758D1202436716800900F0F /* Base */ = {isa = PBXFileReference; lastKnownFileType = file.storyboard; name = Base; path = Base.lproj/LaunchScreen.storyboard; sourceTree = "<group>"; };
		0758D1222436716800900F0F /* Info.plist */ = {isa = PBXFileReference; lastKnownFileType = text.plist.xml; path = Info.plist; sourceTree = "<group>"; };
		0758D1282436719D00900F0F /* TestLintFile.swift */ = {isa = PBXFileReference; lastKnownFileType = sourcecode.swift; path = TestLintFile.swift; sourceTree = "<group>"; };
/* End PBXFileReference section */

/* Begin PBXFrameworksBuildPhase section */
		0758D10E2436716700900F0F /* Frameworks */ = {
			isa = PBXFrameworksBuildPhase;
			buildActionMask = 2147483647;
			files = (
			);
			runOnlyForDeploymentPostprocessing = 0;
		};
/* End PBXFrameworksBuildPhase section */

/* Begin PBXGroup section */
		0758D1082436716700900F0F = {
			isa = PBXGroup;
			children = (
				0758D1132436716700900F0F /* debug-swiftlint */,
				0758D1122436716700900F0F /* Products */,
			);
			sourceTree = "<group>";
		};
		0758D1122436716700900F0F /* Products */ = {
			isa = PBXGroup;
			children = (
				0758D1112436716700900F0F /* debug-swiftlint.app */,
			);
			name = Products;
			sourceTree = "<group>";
		};
		0758D1132436716700900F0F /* debug-swiftlint */ = {
			isa = PBXGroup;
			children = (
				0758D1142436716700900F0F /* AppDelegate.swift */,
				0758D1162436716700900F0F /* SceneDelegate.swift */,
				0758D1182436716700900F0F /* ViewController.swift */,
				0758D11A2436716700900F0F /* Main.storyboard */,
				0758D11D2436716800900F0F /* Assets.xcassets */,
				0758D11F2436716800900F0F /* LaunchScreen.storyboard */,
				0758D1222436716800900F0F /* Info.plist */,
				0758D1282436719D00900F0F /* TestLintFile.swift */,
			);
			path = "debug-swiftlint";
			sourceTree = "<group>";
		};
/* End PBXGroup section */

/* Begin PBXNativeTarget section */
		0758D1102436716700900F0F /* debug-swiftlint */ = {
			isa = PBXNativeTarget;
			buildConfigurationList = 0758D1252436716800900F0F /* Build configuration list for PBXNativeTarget "debug-swiftlint" */;
			buildPhases = (
				0758D10D2436716700900F0F /* Sources */,
				0758D10E2436716700900F0F /* Frameworks */,
				0758D10F2436716700900F0F /* Resources */,
			);
			buildRules = (
			);
			dependencies = (
			);
			name = "debug-swiftlint";
			productName = "debug-swiftlint";
			productReference = 0758D1112436716700900F0F /* debug-swiftlint.app */;
			productType = "com.apple.product-type.application";
		};
/* End PBXNativeTarget section */

/* Begin PBXProject section */
		0758D1092436716700900F0F /* Project object */ = {
			isa = PBXProject;
			attributes = {
				LastSwiftUpdateCheck = 1140;
				LastUpgradeCheck = 1140;
				ORGANIZATIONNAME = nbsa;
				TargetAttributes = {
					0758D1102436716700900F0F = {
						CreatedOnToolsVersion = 11.4;
					};
				};
			};
			buildConfigurationList = 0758D10C2436716700900F0F /* Build configuration list for PBXProject "debug-swiftlint" */;
			compatibilityVersion = "Xcode 9.3";
			developmentRegion = en;
			hasScannedForEncodings = 0;
			knownRegions = (
				en,
				Base,
			);
			mainGroup = 0758D1082436716700900F0F;
			productRefGroup = 0758D1122436716700900F0F /* Products */;
			projectDirPath = "";
			projectRoot = "";
			targets = (
				0758D1102436716700900F0F /* debug-swiftlint */,
			);
		};
/* End PBXProject section */

/* Begin PBXResourcesBuildPhase section */
		0758D10F2436716700900F0F /* Resources */ = {
			isa = PBXResourcesBuildPhase;
			buildActionMask = 2147483647;
			files = (
				0758D1212436716800900F0F /* LaunchScreen.storyboard in Resources */,
				0758D11E2436716800900F0F /* Assets.xcassets in Resources */,
				0758D11C2436716700900F0F /* Main.storyboard in Resources */,
			);
			runOnlyForDeploymentPostprocessing = 0;
		};
/* End PBXResourcesBuildPhase section */

/* Begin PBXSourcesBuildPhase section */
		0758D10D2436716700900F0F /* Sources */ = {
			isa = PBXSourcesBuildPhase;
			buildActionMask = 2147483647;
			files = (
				0758D1292436719D00900F0F /* TestLintFile.swift in Sources */,
				0758D1192436716700900F0F /* ViewController.swift in Sources */,
				0758D1152436716700900F0F /* AppDelegate.swift in Sources */,
				0758D1172436716700900F0F /* SceneDelegate.swift in Sources */,
			);
			runOnlyForDeploymentPostprocessing = 0;
		};
/* End PBXSourcesBuildPhase section */

/* Begin PBXVariantGroup section */
		0758D11A2436716700900F0F /* Main.storyboard */ = {
			isa = PBXVariantGroup;
			children = (
				0758D11B2436716700900F0F /* Base */,
			);
			name = Main.storyboard;
			sourceTree = "<group>";
		};
		0758D11F2436716800900F0F /* LaunchScreen.storyboard */ = {
			isa = PBXVariantGroup;
			children = (
				0758D1202436716800900F0F /* Base */,
			);
			name = LaunchScreen.storyboard;
			sourceTree = "<group>";
		};
/* End PBXVariantGroup section */

/* Begin XCBuildConfiguration section */
		0758D1232436716800900F0F /* Debug */ = {
			isa = XCBuildConfiguration;
			buildSettings = {
				ALWAYS_SEARCH_USER_PATHS = NO;
				CLANG_ANALYZER_NONNULL = YES;
				CLANG_ANALYZER_NUMBER_OBJECT_CONVERSION = YES_AGGRESSIVE;
				CLANG_CXX_LANGUAGE_STANDARD = "gnu++14";
				CLANG_CXX_LIBRARY = "libc++";
				CLANG_ENABLE_MODULES = YES;
				CLANG_ENABLE_OBJC_ARC = YES;
				CLANG_ENABLE_OBJC_WEAK = YES;
				CLANG_WARN_BLOCK_CAPTURE_AUTORELEASING = YES;
				CLANG_WARN_BOOL_CONVERSION = YES;
				CLANG_WARN_COMMA = YES;
				CLANG_WARN_CONSTANT_CONVERSION = YES;
				CLANG_WARN_DEPRECATED_OBJC_IMPLEMENTATIONS = YES;
				CLANG_WARN_DIRECT_OBJC_ISA_USAGE = YES_ERROR;
				CLANG_WARN_DOCUMENTATION_COMMENTS = YES;
				CLANG_WARN_EMPTY_BODY = YES;
				CLANG_WARN_ENUM_CONVERSION = YES;
				CLANG_WARN_INFINITE_RECURSION = YES;
				CLANG_WARN_INT_CONVERSION = YES;
				CLANG_WARN_NON_LITERAL_NULL_CONVERSION = YES;
				CLANG_WARN_OBJC_IMPLICIT_RETAIN_SELF = YES;
				CLANG_WARN_OBJC_LITERAL_CONVERSION = YES;
				CLANG_WARN_OBJC_ROOT_CLASS = YES_ERROR;
				CLANG_WARN_RANGE_LOOP_ANALYSIS = YES;
				CLANG_WARN_STRICT_PROTOTYPES = YES;
				CLANG_WARN_SUSPICIOUS_MOVE = YES;
				CLANG_WARN_UNGUARDED_AVAILABILITY = YES_AGGRESSIVE;
				CLANG_WARN_UNREACHABLE_CODE = YES;
				CLANG_WARN__DUPLICATE_METHOD_MATCH = YES;
				COPY_PHASE_STRIP = NO;
				DEBUG_INFORMATION_FORMAT = dwarf;
				ENABLE_STRICT_OBJC_MSGSEND = YES;
				ENABLE_TESTABILITY = YES;
				GCC_C_LANGUAGE_STANDARD = gnu11;
				GCC_DYNAMIC_NO_PIC = NO;
				GCC_NO_COMMON_BLOCKS = YES;
				GCC_OPTIMIZATION_LEVEL = 0;
				GCC_PREPROCESSOR_DEFINITIONS = (
					"DEBUG=1",
					"$(inherited)",
				);
				GCC_WARN_64_TO_32_BIT_CONVERSION = YES;
				GCC_WARN_ABOUT_RETURN_TYPE = YES_ERROR;
				GCC_WARN_UNDECLARED_SELECTOR = YES;
				GCC_WARN_UNINITIALIZED_AUTOS = YES_AGGRESSIVE;
				GCC_WARN_UNUSED_FUNCTION = YES;
				GCC_WARN_UNUSED_VARIABLE = YES;
				IPHONEOS_DEPLOYMENT_TARGET = 13.4;
				MTL_ENABLE_DEBUG_INFO = INCLUDE_SOURCE;
				MTL_FAST_MATH = YES;
				ONLY_ACTIVE_ARCH = YES;
				SDKROOT = iphoneos;
				SWIFT_ACTIVE_COMPILATION_CONDITIONS = DEBUG;
				SWIFT_OPTIMIZATION_LEVEL = "-Onone";
			};
			name = Debug;
		};
		0758D1242436716800900F0F /* Release */ = {
			isa = XCBuildConfiguration;
			buildSettings = {
				ALWAYS_SEARCH_USER_PATHS = NO;
				CLANG_ANALYZER_NONNULL = YES;
				CLANG_ANALYZER_NUMBER_OBJECT_CONVERSION = YES_AGGRESSIVE;
				CLANG_CXX_LANGUAGE_STANDARD = "gnu++14";
				CLANG_CXX_LIBRARY = "libc++";
				CLANG_ENABLE_MODULES = YES;
				CLANG_ENABLE_OBJC_ARC = YES;
				CLANG_ENABLE_OBJC_WEAK = YES;
				CLANG_WARN_BLOCK_CAPTURE_AUTORELEASING = YES;
				CLANG_WARN_BOOL_CONVERSION = YES;
				CLANG_WARN_COMMA = YES;
				CLANG_WARN_CONSTANT_CONVERSION = YES;
				CLANG_WARN_DEPRECATED_OBJC_IMPLEMENTATIONS = YES;
				CLANG_WARN_DIRECT_OBJC_ISA_USAGE = YES_ERROR;
				CLANG_WARN_DOCUMENTATION_COMMENTS = YES;
				CLANG_WARN_EMPTY_BODY = YES;
				CLANG_WARN_ENUM_CONVERSION = YES;
				CLANG_WARN_INFINITE_RECURSION = YES;
				CLANG_WARN_INT_CONVERSION = YES;
				CLANG_WARN_NON_LITERAL_NULL_CONVERSION = YES;
				CLANG_WARN_OBJC_IMPLICIT_RETAIN_SELF = YES;
				CLANG_WARN_OBJC_LITERAL_CONVERSION = YES;
				CLANG_WARN_OBJC_ROOT_CLASS = YES_ERROR;
				CLANG_WARN_RANGE_LOOP_ANALYSIS = YES;
				CLANG_WARN_STRICT_PROTOTYPES = YES;
				CLANG_WARN_SUSPICIOUS_MOVE = YES;
				CLANG_WARN_UNGUARDED_AVAILABILITY = YES_AGGRESSIVE;
				CLANG_WARN_UNREACHABLE_CODE = YES;
				CLANG_WARN__DUPLICATE_METHOD_MATCH = YES;
				COPY_PHASE_STRIP = NO;
				DEBUG_INFORMATION_FORMAT = "dwarf-with-dsym";
				ENABLE_NS_ASSERTIONS = NO;
				ENABLE_STRICT_OBJC_MSGSEND = YES;
				GCC_C_LANGUAGE_STANDARD = gnu11;
				GCC_NO_COMMON_BLOCKS = YES;
				GCC_WARN_64_TO_32_BIT_CONVERSION = YES;
				GCC_WARN_ABOUT_RETURN_TYPE = YES_ERROR;
				GCC_WARN_UNDECLARED_SELECTOR = YES;
				GCC_WARN_UNINITIALIZED_AUTOS = YES_AGGRESSIVE;
				GCC_WARN_UNUSED_FUNCTION = YES;
				GCC_WARN_UNUSED_VARIABLE = YES;
				IPHONEOS_DEPLOYMENT_TARGET = 13.4;
				MTL_ENABLE_DEBUG_INFO = NO;
				MTL_FAST_MATH = YES;
				SDKROOT = iphoneos;
				SWIFT_COMPILATION_MODE = wholemodule;
				SWIFT_OPTIMIZATION_LEVEL = "-O";
				VALIDATE_PRODUCT = YES;
			};
			name = Release;
		};
		0758D1262436716800900F0F /* Debug */ = {
			isa = XCBuildConfiguration;
			buildSettings = {
				ASSETCATALOG_COMPILER_APPICON_NAME = AppIcon;
				CODE_SIGN_STYLE = Automatic;
				DEVELOPMENT_TEAM = D5C9R5U7RN;
				INFOPLIST_FILE = "debug-swiftlint/Info.plist";
				LD_RUNPATH_SEARCH_PATHS = (
					"$(inherited)",
					"@executable_path/Frameworks",
				);
				PRODUCT_BUNDLE_IDENTIFIER = "nbsa.debug-swiftlint";
				PRODUCT_NAME = "$(TARGET_NAME)";
				SWIFT_VERSION = 5.0;
				TARGETED_DEVICE_FAMILY = "1,2";
			};
			name = Debug;
		};
		0758D1272436716800900F0F /* Release */ = {
			isa = XCBuildConfiguration;
			buildSettings = {
				ASSETCATALOG_COMPILER_APPICON_NAME = AppIcon;
				CODE_SIGN_STYLE = Automatic;
				DEVELOPMENT_TEAM = D5C9R5U7RN;
				INFOPLIST_FILE = "debug-swiftlint/Info.plist";
				LD_RUNPATH_SEARCH_PATHS = (
					"$(inherited)",
					"@executable_path/Frameworks",
				);
				PRODUCT_BUNDLE_IDENTIFIER = "nbsa.debug-swiftlint";
				PRODUCT_NAME = "$(TARGET_NAME)";
				SWIFT_VERSION = 5.0;
				TARGETED_DEVICE_FAMILY = "1,2";
			};
			name = Release;
		};
/* End XCBuildConfiguration section */

/* Begin XCConfigurationList section */
		0758D10C2436716700900F0F /* Build configuration list for PBXProject "debug-swiftlint" */ = {
			isa = XCConfigurationList;
			buildConfigurations = (
				0758D1232436716800900F0F /* Debug */,
				0758D1242436716800900F0F /* Release */,
			);
			defaultConfigurationIsVisible = 0;
			defaultConfigurationName = Release;
		};
		0758D1252436716800900F0F /* Build configuration list for PBXNativeTarget "debug-swiftlint" */ = {
			isa = XCConfigurationList;
			buildConfigurations = (
				0758D1262436716800900F0F /* Debug */,
				0758D1272436716800900F0F /* Release */,
			);
			defaultConfigurationIsVisible = 0;
			defaultConfigurationName = Release;
		};
/* End XCConfigurationList section */
	};
	rootObject = 0758D1092436716700900F0F /* Project object */;
}
